
Microsoft Visual Studio Solution File, Format Version 12.00
# Visual Studio 15
VisualStudioVersion = 15.0.27130.2010
MinimumVisualStudioVersion = 10.0.40219.1
Project("{FAE04EC0-301F-11D3-BF4B-00C04F79EFBC}") = "Lab2 Calculator", "Lab2 Calculator\Lab2 Calculator.csproj", "{C60D6574-3A46-45D6-B223-31D5D8AB16F8}"
EndProject
Global
	GlobalSection(SolutionConfigurationPlatforms) = preSolution
		Debug|ARM = Debug|ARM
		Debug|x64 = Debug|x64
		Debug|x86 = Debug|x86
		Release|ARM = Release|ARM
		Release|x64 = Release|x64
		Release|x86 = Release|x86
	EndGlobalSection
	GlobalSection(ProjectConfigurationPlatforms) = postSolution
		{C60D6574-3A46-45D6-B223-31D5D8AB16F8}.Debug|ARM.ActiveCfg = Debug|ARM
		{C60D6574-3A46-45D6-B223-31D5D8AB16F8}.Debug|ARM.Build.0 = Debug|ARM
		{C60D6574-3A46-45D6-B223-31D5D8AB16F8}.Debug|ARM.Deploy.0 = Debug|ARM
		{C60D6574-3A46-45D6-B223-31D5D8AB16F8}.Debug|x64.ActiveCfg = Debug|x64
		{C60D6574-3A46-45D6-B223-31D5D8AB16F8}.Debug|x64.Build.0 = Debug|x64
		{C60D6574-3A46-45D6-B223-31D5D8AB16F8}.Debug|x64.Deploy.0 = Debug|x64
		{C60D6574-3A46-45D6-B223-31D5D8AB16F8}.Debug|x86.ActiveCfg = Debug|x86
		{C60D6574-3A46-45D6-B223-31D5D8AB16F8}.Debug|x86.Build.0 = Debug|x86
		{C60D6574-3A46-45D6-B223-31D5D8AB16F8}.Debug|x86.Deploy.0 = Debug|x86
		{C60D6574-3A46-45D6-B223-31D5D8AB16F8}.Release|ARM.ActiveCfg = Release|ARM
		{C60D6574-3A46-45D6-B223-31D5D8AB16F8}.Release|ARM.Build.0 = Release|ARM
		{C60D6574-3A46-45D6-B223-31D5D8AB16F8}.Release|ARM.Deploy.0 = Release|ARM
		{C60D6574-3A46-45D6-B223-31D5D8AB16F8}.Release|x64.ActiveCfg = Release|x64
		{C60D6574-3A46-45D6-B223-31D5D8AB16F8}.Release|x64.Build.0 = Release|x64
		{C60D6574-3A46-45D6-B223-31D5D8AB16F8}.Release|x64.Deploy.0 = Release|x64
		{C60D6574-3A46-45D6-B223-31D5D8AB16F8}.Release|x86.ActiveCfg = Release|x86
		{C60D6574-3A46-45D6-B223-31D5D8AB16F8}.Release|x86.Build.0 = Release|x86
		{C60D6574-3A46-45D6-B223-31D5D8AB16F8}.Release|x86.Deploy.0 = Release|x86
	EndGlobalSection
	GlobalSection(SolutionProperties) = preSolution
		HideSolutionNode = FALSE
	EndGlobalSection
	GlobalSection(ExtensibilityGlobals) = postSolution
		SolutionGuid = {BDEFF40D-9FB4-47EE-AB33-BC244845C9A7}
	EndGlobalSection
EndGlobal
